
Microsoft Visual Studio Solution File, Format Version 12.00
# Visual Studio 15
VisualStudioVersion = 15.0.27130.2024
MinimumVisualStudioVersion = 10.0.40219.1
Project("{FAE04EC0-301F-11D3-BF4B-00C04F79EFBC}") = "OAuth2-AuthServer", "OAuth2-AuthServer\OAuth2-AuthServer.csproj", "{B2D29D08-27DE-49A6-BEE2-41CF1C0AC32A}"
EndProject
Global
	GlobalSection(SolutionConfigurationPlatforms) = preSolution
		Debug|Any CPU = Debug|Any CPU
		Release|Any CPU = Release|Any CPU
	EndGlobalSection
	GlobalSection(ProjectConfigurationPlatforms) = postSolution
		{B2D29D08-27DE-49A6-BEE2-41CF1C0AC32A}.Debug|Any CPU.ActiveCfg = Debug|Any CPU
		{B2D29D08-27DE-49A6-BEE2-41CF1C0AC32A}.Debug|Any CPU.Build.0 = Debug|Any CPU
		{B2D29D08-27DE-49A6-BEE2-41CF1C0AC32A}.Release|Any CPU.ActiveCfg = Release|Any CPU
		{B2D29D08-27DE-49A6-BEE2-41CF1C0AC32A}.Release|Any CPU.Build.0 = Release|Any CPU
	EndGlobalSection
	GlobalSection(SolutionProperties) = preSolution
		HideSolutionNode = FALSE
	EndGlobalSection
	GlobalSection(ExtensibilityGlobals) = postSolution
		SolutionGuid = {E5D03D91-41CF-4E68-89FD-12F2CF1F7E11}
	EndGlobalSection
EndGlobal
